<?xml version="1.0" encoding="UTF-8" standalone="yes" ?>
<CodeBlocks_project_file>
	<FileVersion major="1" minor="6" />
	<Project>
		<Option title="Secretaria" />
		<Option pch_mode="2" />
		<Option compiler="gcc" />
		<Build>
			<Target title="Debug">
				<Option output="bin/Debug/Secretaria" prefix_auto="1" extension_auto="1" />
				<Option object_output="obj/Debug/" />
				<Option type="1" />
				<Option compiler="gcc" />
				<Compiler>
					<Add option="-g" />
				</Compiler>
			</Target>
			<Target title="Release">
				<Option output="bin/Release/Secretaria" prefix_auto="1" extension_auto="1" />
				<Option object_output="obj/Release/" />
				<Option type="1" />
				<Option compiler="gcc" />
				<Compiler>
					<Add option="-O2" />
				</Compiler>
				<Linker>
					<Add option="-s" />
				</Linker>
			</Target>
		</Build>
		<Compiler>
			<Add option="-Wall" />
			<Add option="-fexceptions" />
		</Compiler>
		<Unit filename="../Bibliotecas/Empleado.cpp" />
		<Unit filename="../Bibliotecas/Empleado.h" />
		<Unit filename="../Bibliotecas/Evento.cpp" />
		<Unit filename="../Bibliotecas/Evento.h" />
		<Unit filename="../Bibliotecas/Fecha.cpp" />
		<Unit filename="../Bibliotecas/Fecha.h" />
		<Unit filename="../Bibliotecas/Hora.cpp" />
		<Unit filename="../Bibliotecas/Hora.h" />
		<Unit filename="../Bibliotecas/Persona.cpp" />
		<Unit filename="../Bibliotecas/Persona.h" />
		<Unit filename="../Bibliotecas/Secretaria.cpp" />
		<Unit filename="../Bibliotecas/Secretaria.h" />
		<Unit filename="main.cpp" />
		<Extensions>
			<code_completion />
			<envvars />
			<debugger />
		</Extensions>
	</Project>
</CodeBlocks_project_file>
